
Microsoft Visual Studio Solution File, Format Version 12.00
# Visual Studio Version 16
VisualStudioVersion = 16.0.33927.289
MinimumVisualStudioVersion = 10.0.40219.1
Project("{2150E333-8FDC-42A3-9474-1A3956D46DE8}") = "Task0", "Task0", "{0A7230F3-4127-41C9-AECA-68E94567D225}"
EndProject
Project("{FAE04EC0-301F-11D3-BF4B-00C04F79EFBC}") = "Tyuiu.SmirnovMN.Sprint1.Task0.V25", "Tyuiu.SmirnovMN.Sprint1.Task0.V25\Tyuiu.SmirnovMN.Sprint1.Task0.V25.csproj", "{AFEAFAAA-BA7A-42C6-A760-BCD22C2E53FC}"
EndProject
Project("{FAE04EC0-301F-11D3-BF4B-00C04F79EFBC}") = "Tyuiu.SmirnovMN.Sprint1.Task0.V25.Lib", "Tyuiu.SmirnovMN.Sprint1.Task0.V25.Lib\Tyuiu.SmirnovMN.Sprint1.Task0.V25.Lib.csproj", "{F623BF03-954C-4A89-9D20-BBA939DB6256}"
EndProject
Project("{FAE04EC0-301F-11D3-BF4B-00C04F79EFBC}") = "Tyuiu.SmirnovMN.Sprint1.Task0.V25.Test", "Tyuiu.SmirnovMN.Sprint1.Task0.V25.Test\Tyuiu.SmirnovMN.Sprint1.Task0.V25.Test.csproj", "{E01E9597-F59C-44CF-AD48-8E283E2C7FBA}"
EndProject
Project("{2150E333-8FDC-42A3-9474-1A3956D46DE8}") = "Task2", "Task2", "{5FF02586-37D6-4368-ACBD-62F150565AAF}"
EndProject
Project("{FAE04EC0-301F-11D3-BF4B-00C04F79EFBC}") = "Tyuiu.SmirnovMN.Sprint1.Task2.V2", "Tyuiu.SmirnovMN.Sprint1.Task2.V2\Tyuiu.SmirnovMN.Sprint1.Task2.V2.csproj", "{0D289CF8-E117-4CCB-A509-24E3E90E7D46}"
EndProject
Project("{FAE04EC0-301F-11D3-BF4B-00C04F79EFBC}") = "Tyuiu.SmirnovMN.Sprint1.Task2.V2.Lib", "Tyuiu.SmirnovMN.Sprint1.Task2.V2.Lib\Tyuiu.SmirnovMN.Sprint1.Task2.V2.Lib.csproj", "{0ADB5C1E-E738-421F-9F7A-1D12EBA526AE}"
EndProject
Project("{FAE04EC0-301F-11D3-BF4B-00C04F79EFBC}") = "Tyuiu.SmirnovMN.Sprint1.Task2.V2.Test", "Tyuiu.SmirnovMN.Sprint1.Task2.V2.Test\Tyuiu.SmirnovMN.Sprint1.Task2.V2.Test.csproj", "{EC2FCFDA-E777-4F53-B80C-FD138EE7D919}"
EndProject
Project("{2150E333-8FDC-42A3-9474-1A3956D46DE8}") = "Task3", "Task3", "{3BC65C30-96C2-4B09-941B-5BC3D7D2336F}"
EndProject
Project("{FAE04EC0-301F-11D3-BF4B-00C04F79EFBC}") = "Tyuiu.SmirnovMN.Sprint1.Task3.V2", "Tyuiu.SmirnovMN.Sprint1.Task3.V2\Tyuiu.SmirnovMN.Sprint1.Task3.V2.csproj", "{45052C47-12B6-4E92-A5D5-AD6A174C8B72}"
EndProject
Project("{FAE04EC0-301F-11D3-BF4B-00C04F79EFBC}") = "Tyuiu.SmirnovMN.Sprint1.Task3.V2.Lib", "Tyuiu.SmirnovMN.Sprint1.Task3.V2.Lib\Tyuiu.SmirnovMN.Sprint1.Task3.V2.Lib.csproj", "{7F9F7C0A-CEC2-41CA-ABAD-EFFD554FF77B}"
EndProject
Project("{FAE04EC0-301F-11D3-BF4B-00C04F79EFBC}") = "Tyuiu.SmirnovMN.Sprint1.Task3.V2.Test", "Tyuiu.SmirnovMN.Sprint1.Task3.V2.Test\Tyuiu.SmirnovMN.Sprint1.Task3.V2.Test.csproj", "{2E6637D6-9B8D-4B7F-A0A3-D1D3F0D60D5E}"
EndProject
Project("{2150E333-8FDC-42A3-9474-1A3956D46DE8}") = "NewFolder1", "NewFolder1", "{274C8547-DC99-4AD1-B9E8-518D14D7B50B}"
EndProject
Project("{FAE04EC0-301F-11D3-BF4B-00C04F79EFBC}") = "Tyuiu.SmirnovMN.Sprint1.Task4.V29", "Tyuiu.SmirnovMN.Sprint1.Task4.V29\Tyuiu.SmirnovMN.Sprint1.Task4.V29.csproj", "{FBC9B5D8-6F4D-441D-BEB7-93A4422127FF}"
EndProject
Project("{FAE04EC0-301F-11D3-BF4B-00C04F79EFBC}") = "Tyuiu.SmirnovMN.Sprint1.Task4.V29.Lib", "Tyuiu.SmirnovMN.Sprint1.Task4.V29.Lib\Tyuiu.SmirnovMN.Sprint1.Task4.V29.Lib.csproj", "{EE2DA9E6-367E-4C18-BCFF-83B653C3EB25}"
EndProject
Project("{FAE04EC0-301F-11D3-BF4B-00C04F79EFBC}") = "Tyuiu.SmirnovMN.Sprint1.Task4.V29.Test", "Tyuiu.SmirnovMN.Sprint1.Task4.V29.Test\Tyuiu.SmirnovMN.Sprint1.Task4.V29.Test.csproj", "{10CE403B-84AE-46D5-8BDE-AB8B3C9B9CC2}"
EndProject
Project("{2150E333-8FDC-42A3-9474-1A3956D46DE8}") = "NewFolder2", "NewFolder2", "{597E892C-1426-43D9-A39C-E22C7778CC83}"
EndProject
Project("{FAE04EC0-301F-11D3-BF4B-00C04F79EFBC}") = "Tyuiu.SmirnovMN.Sprint1.Task5.V6", "Tyuiu.SmirnovMN.Sprint1.Task5.V6\Tyuiu.SmirnovMN.Sprint1.Task5.V6.csproj", "{A154E8AD-F03C-485C-B934-F3B8E2AA3460}"
EndProject
Project("{FAE04EC0-301F-11D3-BF4B-00C04F79EFBC}") = "Tyuiu.SmirnovMN.Sprint1.Task5.V6.Lib", "Tyuiu.SmirnovMN.Sprint1.Task5.V6.Lib\Tyuiu.SmirnovMN.Sprint1.Task5.V6.Lib.csproj", "{A955721E-6DB5-450E-A2B5-C0A061ED3930}"
EndProject
Project("{FAE04EC0-301F-11D3-BF4B-00C04F79EFBC}") = "Tyuiu.SmirnovMN.Sprint1.Task5.V6.Test", "Tyuiu.SmirnovMN.Sprint1.Task5.V6.Test\Tyuiu.SmirnovMN.Sprint1.Task5.V6.Test.csproj", "{62CC9C90-A5A1-4535-9C0F-144F21D56B9A}"
EndProject
Global
	GlobalSection(SolutionConfigurationPlatforms) = preSolution
		Debug|Any CPU = Debug|Any CPU
		Release|Any CPU = Release|Any CPU
	EndGlobalSection
	GlobalSection(ProjectConfigurationPlatforms) = postSolution
		{AFEAFAAA-BA7A-42C6-A760-BCD22C2E53FC}.Debug|Any CPU.ActiveCfg = Debug|Any CPU
		{AFEAFAAA-BA7A-42C6-A760-BCD22C2E53FC}.Debug|Any CPU.Build.0 = Debug|Any CPU
		{AFEAFAAA-BA7A-42C6-A760-BCD22C2E53FC}.Release|Any CPU.ActiveCfg = Release|Any CPU
		{AFEAFAAA-BA7A-42C6-A760-BCD22C2E53FC}.Release|Any CPU.Build.0 = Release|Any CPU
		{F623BF03-954C-4A89-9D20-BBA939DB6256}.Debug|Any CPU.ActiveCfg = Debug|Any CPU
		{F623BF03-954C-4A89-9D20-BBA939DB6256}.Debug|Any CPU.Build.0 = Debug|Any CPU
		{F623BF03-954C-4A89-9D20-BBA939DB6256}.Release|Any CPU.ActiveCfg = Release|Any CPU
		{F623BF03-954C-4A89-9D20-BBA939DB6256}.Release|Any CPU.Build.0 = Release|Any CPU
		{E01E9597-F59C-44CF-AD48-8E283E2C7FBA}.Debug|Any CPU.ActiveCfg = Debug|Any CPU
		{E01E9597-F59C-44CF-AD48-8E283E2C7FBA}.Debug|Any CPU.Build.0 = Debug|Any CPU
		{E01E9597-F59C-44CF-AD48-8E283E2C7FBA}.Release|Any CPU.ActiveCfg = Release|Any CPU
		{E01E9597-F59C-44CF-AD48-8E283E2C7FBA}.Release|Any CPU.Build.0 = Release|Any CPU
		{0D289CF8-E117-4CCB-A509-24E3E90E7D46}.Debug|Any CPU.ActiveCfg = Debug|Any CPU
		{0D289CF8-E117-4CCB-A509-24E3E90E7D46}.Debug|Any CPU.Build.0 = Debug|Any CPU
		{0D289CF8-E117-4CCB-A509-24E3E90E7D46}.Release|Any CPU.ActiveCfg = Release|Any CPU
		{0D289CF8-E117-4CCB-A509-24E3E90E7D46}.Release|Any CPU.Build.0 = Release|Any CPU
		{0ADB5C1E-E738-421F-9F7A-1D12EBA526AE}.Debug|Any CPU.ActiveCfg = Debug|Any CPU
		{0ADB5C1E-E738-421F-9F7A-1D12EBA526AE}.Debug|Any CPU.Build.0 = Debug|Any CPU
		{0ADB5C1E-E738-421F-9F7A-1D12EBA526AE}.Release|Any CPU.ActiveCfg = Release|Any CPU
		{0ADB5C1E-E738-421F-9F7A-1D12EBA526AE}.Release|Any CPU.Build.0 = Release|Any CPU
		{EC2FCFDA-E777-4F53-B80C-FD138EE7D919}.Debug|Any CPU.ActiveCfg = Debug|Any CPU
		{EC2FCFDA-E777-4F53-B80C-FD138EE7D919}.Debug|Any CPU.Build.0 = Debug|Any CPU
		{EC2FCFDA-E777-4F53-B80C-FD138EE7D919}.Release|Any CPU.ActiveCfg = Release|Any CPU
		{EC2FCFDA-E777-4F53-B80C-FD138EE7D919}.Release|Any CPU.Build.0 = Release|Any CPU
		{45052C47-12B6-4E92-A5D5-AD6A174C8B72}.Debug|Any CPU.ActiveCfg = Debug|Any CPU
		{45052C47-12B6-4E92-A5D5-AD6A174C8B72}.Debug|Any CPU.Build.0 = Debug|Any CPU
		{45052C47-12B6-4E92-A5D5-AD6A174C8B72}.Release|Any CPU.ActiveCfg = Release|Any CPU
		{45052C47-12B6-4E92-A5D5-AD6A174C8B72}.Release|Any CPU.Build.0 = Release|Any CPU
		{7F9F7C0A-CEC2-41CA-ABAD-EFFD554FF77B}.Debug|Any CPU.ActiveCfg = Debug|Any CPU
		{7F9F7C0A-CEC2-41CA-ABAD-EFFD554FF77B}.Debug|Any CPU.Build.0 = Debug|Any CPU
		{7F9F7C0A-CEC2-41CA-ABAD-EFFD554FF77B}.Release|Any CPU.ActiveCfg = Release|Any CPU
		{7F9F7C0A-CEC2-41CA-ABAD-EFFD554FF77B}.Release|Any CPU.Build.0 = Release|Any CPU
		{2E6637D6-9B8D-4B7F-A0A3-D1D3F0D60D5E}.Debug|Any CPU.ActiveCfg = Debug|Any CPU
		{2E6637D6-9B8D-4B7F-A0A3-D1D3F0D60D5E}.Debug|Any CPU.Build.0 = Debug|Any CPU
		{2E6637D6-9B8D-4B7F-A0A3-D1D3F0D60D5E}.Release|Any CPU.ActiveCfg = Release|Any CPU
		{2E6637D6-9B8D-4B7F-A0A3-D1D3F0D60D5E}.Release|Any CPU.Build.0 = Release|Any CPU
		{FBC9B5D8-6F4D-441D-BEB7-93A4422127FF}.Debug|Any CPU.ActiveCfg = Debug|Any CPU
		{FBC9B5D8-6F4D-441D-BEB7-93A4422127FF}.Debug|Any CPU.Build.0 = Debug|Any CPU
		{FBC9B5D8-6F4D-441D-BEB7-93A4422127FF}.Release|Any CPU.ActiveCfg = Release|Any CPU
		{FBC9B5D8-6F4D-441D-BEB7-93A4422127FF}.Release|Any CPU.Build.0 = Release|Any CPU
		{EE2DA9E6-367E-4C18-BCFF-83B653C3EB25}.Debug|Any CPU.ActiveCfg = Debug|Any CPU
		{EE2DA9E6-367E-4C18-BCFF-83B653C3EB25}.Debug|Any CPU.Build.0 = Debug|Any CPU
		{EE2DA9E6-367E-4C18-BCFF-83B653C3EB25}.Release|Any CPU.ActiveCfg = Release|Any CPU
		{EE2DA9E6-367E-4C18-BCFF-83B653C3EB25}.Release|Any CPU.Build.0 = Release|Any CPU
		{10CE403B-84AE-46D5-8BDE-AB8B3C9B9CC2}.Debug|Any CPU.ActiveCfg = Debug|Any CPU
		{10CE403B-84AE-46D5-8BDE-AB8B3C9B9CC2}.Debug|Any CPU.Build.0 = Debug|Any CPU
		{10CE403B-84AE-46D5-8BDE-AB8B3C9B9CC2}.Release|Any CPU.ActiveCfg = Release|Any CPU
		{10CE403B-84AE-46D5-8BDE-AB8B3C9B9CC2}.Release|Any CPU.Build.0 = Release|Any CPU
		{A154E8AD-F03C-485C-B934-F3B8E2AA3460}.Debug|Any CPU.ActiveCfg = Debug|Any CPU
		{A154E8AD-F03C-485C-B934-F3B8E2AA3460}.Debug|Any CPU.Build.0 = Debug|Any CPU
		{A154E8AD-F03C-485C-B934-F3B8E2AA3460}.Release|Any CPU.ActiveCfg = Release|Any CPU
		{A154E8AD-F03C-485C-B934-F3B8E2AA3460}.Release|Any CPU.Build.0 = Release|Any CPU
		{A955721E-6DB5-450E-A2B5-C0A061ED3930}.Debug|Any CPU.ActiveCfg = Debug|Any CPU
		{A955721E-6DB5-450E-A2B5-C0A061ED3930}.Debug|Any CPU.Build.0 = Debug|Any CPU
		{A955721E-6DB5-450E-A2B5-C0A061ED3930}.Release|Any CPU.ActiveCfg = Release|Any CPU
		{A955721E-6DB5-450E-A2B5-C0A061ED3930}.Release|Any CPU.Build.0 = Release|Any CPU
		{62CC9C90-A5A1-4535-9C0F-144F21D56B9A}.Debug|Any CPU.ActiveCfg = Debug|Any CPU
		{62CC9C90-A5A1-4535-9C0F-144F21D56B9A}.Debug|Any CPU.Build.0 = Debug|Any CPU
		{62CC9C90-A5A1-4535-9C0F-144F21D56B9A}.Release|Any CPU.ActiveCfg = Release|Any CPU
		{62CC9C90-A5A1-4535-9C0F-144F21D56B9A}.Release|Any CPU.Build.0 = Release|Any CPU
	EndGlobalSection
	GlobalSection(SolutionProperties) = preSolution
		HideSolutionNode = FALSE
	EndGlobalSection
	GlobalSection(NestedProjects) = preSolution
		{AFEAFAAA-BA7A-42C6-A760-BCD22C2E53FC} = {0A7230F3-4127-41C9-AECA-68E94567D225}
		{F623BF03-954C-4A89-9D20-BBA939DB6256} = {0A7230F3-4127-41C9-AECA-68E94567D225}
		{E01E9597-F59C-44CF-AD48-8E283E2C7FBA} = {0A7230F3-4127-41C9-AECA-68E94567D225}
		{0D289CF8-E117-4CCB-A509-24E3E90E7D46} = {5FF02586-37D6-4368-ACBD-62F150565AAF}
		{0ADB5C1E-E738-421F-9F7A-1D12EBA526AE} = {5FF02586-37D6-4368-ACBD-62F150565AAF}
		{EC2FCFDA-E777-4F53-B80C-FD138EE7D919} = {5FF02586-37D6-4368-ACBD-62F150565AAF}
		{45052C47-12B6-4E92-A5D5-AD6A174C8B72} = {3BC65C30-96C2-4B09-941B-5BC3D7D2336F}
		{7F9F7C0A-CEC2-41CA-ABAD-EFFD554FF77B} = {3BC65C30-96C2-4B09-941B-5BC3D7D2336F}
		{2E6637D6-9B8D-4B7F-A0A3-D1D3F0D60D5E} = {3BC65C30-96C2-4B09-941B-5BC3D7D2336F}
		{FBC9B5D8-6F4D-441D-BEB7-93A4422127FF} = {274C8547-DC99-4AD1-B9E8-518D14D7B50B}
		{EE2DA9E6-367E-4C18-BCFF-83B653C3EB25} = {274C8547-DC99-4AD1-B9E8-518D14D7B50B}
		{10CE403B-84AE-46D5-8BDE-AB8B3C9B9CC2} = {274C8547-DC99-4AD1-B9E8-518D14D7B50B}
		{A154E8AD-F03C-485C-B934-F3B8E2AA3460} = {597E892C-1426-43D9-A39C-E22C7778CC83}
		{A955721E-6DB5-450E-A2B5-C0A061ED3930} = {597E892C-1426-43D9-A39C-E22C7778CC83}
		{62CC9C90-A5A1-4535-9C0F-144F21D56B9A} = {597E892C-1426-43D9-A39C-E22C7778CC83}
	EndGlobalSection
	GlobalSection(ExtensibilityGlobals) = postSolution
		SolutionGuid = {C4BB3931-9529-4421-8BAC-FB3DDFAEB53E}
	EndGlobalSection
EndGlobal
